// !$*UTF8*$!
{
	archiveVersion = 1;
	classes = {
	};
	objectVersion = 46;
	objects = {

/* Begin PBXBuildFile section */
		3D8C990E7B7F1790904EDAAE /* Pods_MovieLab.framework in Frameworks */ = {isa = PBXBuildFile; fileRef = 519204D526458D776D2E3C28 /* Pods_MovieLab.framework */; };
		D12F0E001EC460C900A4FA83 /* FavoritesTableViewController.swift in Sources */ = {isa = PBXBuildFile; fileRef = D12F0DFF1EC460C900A4FA83 /* FavoritesTableViewController.swift */; };
		D12F0E031EC4F0BE00A4FA83 /* DetailViewController.swift in Sources */ = {isa = PBXBuildFile; fileRef = D12F0E021EC4F0BE00A4FA83 /* DetailViewController.swift */; };
		D12F0E101EC6A6BC00A4FA83 /* BaseViewController.swift in Sources */ = {isa = PBXBuildFile; fileRef = D12F0E0F1EC6A6BC00A4FA83 /* BaseViewController.swift */; };
		D1DDD7111EC29B83000815BC /* AppDelegate.swift in Sources */ = {isa = PBXBuildFile; fileRef = D1DDD7101EC29B83000815BC /* AppDelegate.swift */; };
		D1DDD71B1EC29B83000815BC /* Main.storyboard in Resources */ = {isa = PBXBuildFile; fileRef = D1DDD7191EC29B83000815BC /* Main.storyboard */; };
		D1DDD71D1EC29B83000815BC /* Assets.xcassets in Resources */ = {isa = PBXBuildFile; fileRef = D1DDD71C1EC29B83000815BC /* Assets.xcassets */; };
		D1DDD7201EC29B83000815BC /* LaunchScreen.storyboard in Resources */ = {isa = PBXBuildFile; fileRef = D1DDD71E1EC29B83000815BC /* LaunchScreen.storyboard */; };
		D1DDD7301EC2A02B000815BC /* MovieLab.xcdatamodeld in Sources */ = {isa = PBXBuildFile; fileRef = D1DDD72E1EC2A02B000815BC /* MovieLab.xcdatamodeld */; };
		D1DDD7331EC2AAD1000815BC /* Genre+CoreDataProperties.swift in Sources */ = {isa = PBXBuildFile; fileRef = D1DDD7311EC2AAD1000815BC /* Genre+CoreDataProperties.swift */; };
		D1DDD7341EC2AAD1000815BC /* Movie+CoreDataProperties.swift in Sources */ = {isa = PBXBuildFile; fileRef = D1DDD7321EC2AAD1000815BC /* Movie+CoreDataProperties.swift */; };
		D1DDD73F1EC2B632000815BC /* Genre+CoreDataClass.swift in Sources */ = {isa = PBXBuildFile; fileRef = D1DDD73D1EC2B632000815BC /* Genre+CoreDataClass.swift */; };
		D1DDD7421EC2FCE5000815BC /* Movie+CoreDataClass.swift in Sources */ = {isa = PBXBuildFile; fileRef = D1DDD7411EC2FCE5000815BC /* Movie+CoreDataClass.swift */; };
		D1DDD7481EC2FED2000815BC /* CoreDataStack.m in Sources */ = {isa = PBXBuildFile; fileRef = D1DDD7471EC2FED2000815BC /* CoreDataStack.m */; };
		D1DDD74F1EC3196D000815BC /* RKNetworkClient.m in Sources */ = {isa = PBXBuildFile; fileRef = D1DDD74E1EC3196D000815BC /* RKNetworkClient.m */; };
		D1DDD7511EC32996000815BC /* SearchPanelViewController.swift in Sources */ = {isa = PBXBuildFile; fileRef = D1DDD7501EC32996000815BC /* SearchPanelViewController.swift */; };
		D1DDD7531EC3524C000815BC /* CoreDataUtility.swift in Sources */ = {isa = PBXBuildFile; fileRef = D1DDD7521EC3524C000815BC /* CoreDataUtility.swift */; };
/* End PBXBuildFile section */

/* Begin PBXFileReference section */
		519204D526458D776D2E3C28 /* Pods_MovieLab.framework */ = {isa = PBXFileReference; explicitFileType = wrapper.framework; includeInIndex = 0; path = Pods_MovieLab.framework; sourceTree = BUILT_PRODUCTS_DIR; };
		D12F0DFF1EC460C900A4FA83 /* FavoritesTableViewController.swift */ = {isa = PBXFileReference; fileEncoding = 4; lastKnownFileType = sourcecode.swift; path = FavoritesTableViewController.swift; sourceTree = "<group>"; };
		D12F0E021EC4F0BE00A4FA83 /* DetailViewController.swift */ = {isa = PBXFileReference; fileEncoding = 4; lastKnownFileType = sourcecode.swift; path = DetailViewController.swift; sourceTree = "<group>"; };
		D12F0E0F1EC6A6BC00A4FA83 /* BaseViewController.swift */ = {isa = PBXFileReference; fileEncoding = 4; lastKnownFileType = sourcecode.swift; path = BaseViewController.swift; sourceTree = "<group>"; };
		D1DDD70D1EC29B83000815BC /* MovieLab.app */ = {isa = PBXFileReference; explicitFileType = wrapper.application; includeInIndex = 0; path = MovieLab.app; sourceTree = BUILT_PRODUCTS_DIR; };
		D1DDD7101EC29B83000815BC /* AppDelegate.swift */ = {isa = PBXFileReference; lastKnownFileType = sourcecode.swift; path = AppDelegate.swift; sourceTree = "<group>"; };
		D1DDD71A1EC29B83000815BC /* Base */ = {isa = PBXFileReference; lastKnownFileType = file.storyboard; name = Base; path = Base.lproj/Main.storyboard; sourceTree = "<group>"; };
		D1DDD71C1EC29B83000815BC /* Assets.xcassets */ = {isa = PBXFileReference; lastKnownFileType = folder.assetcatalog; path = Assets.xcassets; sourceTree = "<group>"; };
		D1DDD71F1EC29B83000815BC /* Base */ = {isa = PBXFileReference; lastKnownFileType = file.storyboard; name = Base; path = Base.lproj/LaunchScreen.storyboard; sourceTree = "<group>"; };
		D1DDD7211EC29B83000815BC /* Info.plist */ = {isa = PBXFileReference; lastKnownFileType = text.plist.xml; path = Info.plist; sourceTree = "<group>"; };
		D1DDD72F1EC2A02B000815BC /* MovieLab.xcdatamodel */ = {isa = PBXFileReference; lastKnownFileType = wrapper.xcdatamodel; path = MovieLab.xcdatamodel; sourceTree = "<group>"; };
		D1DDD7311EC2AAD1000815BC /* Genre+CoreDataProperties.swift */ = {isa = PBXFileReference; fileEncoding = 4; lastKnownFileType = sourcecode.swift; path = "Genre+CoreDataProperties.swift"; sourceTree = "<group>"; };
		D1DDD7321EC2AAD1000815BC /* Movie+CoreDataProperties.swift */ = {isa = PBXFileReference; fileEncoding = 4; lastKnownFileType = sourcecode.swift; path = "Movie+CoreDataProperties.swift"; sourceTree = "<group>"; };
		D1DDD73D1EC2B632000815BC /* Genre+CoreDataClass.swift */ = {isa = PBXFileReference; fileEncoding = 4; lastKnownFileType = sourcecode.swift; path = "Genre+CoreDataClass.swift"; sourceTree = "<group>"; };
		D1DDD7411EC2FCE5000815BC /* Movie+CoreDataClass.swift */ = {isa = PBXFileReference; fileEncoding = 4; lastKnownFileType = sourcecode.swift; path = "Movie+CoreDataClass.swift"; sourceTree = "<group>"; };
		D1DDD7451EC2FED1000815BC /* MovieLab-Bridging-Header.h */ = {isa = PBXFileReference; lastKnownFileType = sourcecode.c.h; path = "MovieLab-Bridging-Header.h"; sourceTree = "<group>"; };
		D1DDD7461EC2FED2000815BC /* CoreDataStack.h */ = {isa = PBXFileReference; fileEncoding = 4; lastKnownFileType = sourcecode.c.h; path = CoreDataStack.h; sourceTree = "<group>"; };
		D1DDD7471EC2FED2000815BC /* CoreDataStack.m */ = {isa = PBXFileReference; fileEncoding = 4; lastKnownFileType = sourcecode.c.objc; path = CoreDataStack.m; sourceTree = "<group>"; };
		D1DDD74D1EC3196D000815BC /* RKNetworkClient.h */ = {isa = PBXFileReference; fileEncoding = 4; lastKnownFileType = sourcecode.c.h; path = RKNetworkClient.h; sourceTree = "<group>"; };
		D1DDD74E1EC3196D000815BC /* RKNetworkClient.m */ = {isa = PBXFileReference; fileEncoding = 4; lastKnownFileType = sourcecode.c.objc; path = RKNetworkClient.m; sourceTree = "<group>"; };
		D1DDD7501EC32996000815BC /* SearchPanelViewController.swift */ = {isa = PBXFileReference; fileEncoding = 4; lastKnownFileType = sourcecode.swift; path = SearchPanelViewController.swift; sourceTree = "<group>"; };
		D1DDD7521EC3524C000815BC /* CoreDataUtility.swift */ = {isa = PBXFileReference; fileEncoding = 4; lastKnownFileType = sourcecode.swift; path = CoreDataUtility.swift; sourceTree = "<group>"; };
		EDA9ADB96B0600C73A23ECE3 /* Pods-MovieLab.release.xcconfig */ = {isa = PBXFileReference; includeInIndex = 1; lastKnownFileType = text.xcconfig; name = "Pods-MovieLab.release.xcconfig"; path = "Pods/Target Support Files/Pods-MovieLab/Pods-MovieLab.release.xcconfig"; sourceTree = "<group>"; };
		FDA605C84B2E595CB35A274E /* Pods-MovieLab.debug.xcconfig */ = {isa = PBXFileReference; includeInIndex = 1; lastKnownFileType = text.xcconfig; name = "Pods-MovieLab.debug.xcconfig"; path = "Pods/Target Support Files/Pods-MovieLab/Pods-MovieLab.debug.xcconfig"; sourceTree = "<group>"; };
/* End PBXFileReference section */

/* Begin PBXFrameworksBuildPhase section */
		D1DDD70A1EC29B83000815BC /* Frameworks */ = {
			isa = PBXFrameworksBuildPhase;
			buildActionMask = 2147483647;
			files = (
				3D8C990E7B7F1790904EDAAE /* Pods_MovieLab.framework in Frameworks */,
			);
			runOnlyForDeploymentPostprocessing = 0;
		};
/* End PBXFrameworksBuildPhase section */

/* Begin PBXGroup section */
		0F52F478CBAAC2ED94F6CFB3 /* Frameworks */ = {
			isa = PBXGroup;
			children = (
				519204D526458D776D2E3C28 /* Pods_MovieLab.framework */,
			);
			name = Frameworks;
			sourceTree = "<group>";
		};
		D12F0E011EC4F07C00A4FA83 /* Detail */ = {
			isa = PBXGroup;
			children = (
				D12F0E021EC4F0BE00A4FA83 /* DetailViewController.swift */,
			);
			path = Detail;
			sourceTree = "<group>";
		};
		D12F0E0E1EC6A6BC00A4FA83 /* Base */ = {
			isa = PBXGroup;
			children = (
				D12F0E0F1EC6A6BC00A4FA83 /* BaseViewController.swift */,
			);
			path = Base;
			sourceTree = "<group>";
		};
		D1DDD7041EC29B83000815BC = {
			isa = PBXGroup;
			children = (
				D1DDD70F1EC29B83000815BC /* MovieLab */,
				D1DDD70E1EC29B83000815BC /* Products */,
				F3233A7F26DD72AEF8EB0874 /* Pods */,
				0F52F478CBAAC2ED94F6CFB3 /* Frameworks */,
			);
			sourceTree = "<group>";
		};
		D1DDD70E1EC29B83000815BC /* Products */ = {
			isa = PBXGroup;
			children = (
				D1DDD70D1EC29B83000815BC /* MovieLab.app */,
			);
			name = Products;
			sourceTree = "<group>";
		};
		D1DDD70F1EC29B83000815BC /* MovieLab */ = {
			isa = PBXGroup;
			children = (
				D1DDD7101EC29B83000815BC /* AppDelegate.swift */,
				D1DDD7191EC29B83000815BC /* Main.storyboard */,
				D1DDD72A1EC29FDB000815BC /* Model */,
				D1DDD7271EC29FCB000815BC /* Tabs */,
				D1DDD74C1EC30ED8000815BC /* Network */,
				D1DDD71C1EC29B83000815BC /* Assets.xcassets */,
				D1DDD71E1EC29B83000815BC /* LaunchScreen.storyboard */,
				D1DDD7211EC29B83000815BC /* Info.plist */,
			);
			path = MovieLab;
			sourceTree = "<group>";
		};
		D1DDD7271EC29FCB000815BC /* Tabs */ = {
			isa = PBXGroup;
			children = (
				D12F0E0E1EC6A6BC00A4FA83 /* Base */,
				D1DDD7281EC29FCB000815BC /* Favorites */,
				D1DDD7291EC29FCB000815BC /* Search */,
			);
			path = Tabs;
			sourceTree = "<group>";
		};
		D1DDD7281EC29FCB000815BC /* Favorites */ = {
			isa = PBXGroup;
			children = (
				D12F0DFF1EC460C900A4FA83 /* FavoritesTableViewController.swift */,
			);
			path = Favorites;
			sourceTree = "<group>";
		};
		D1DDD7291EC29FCB000815BC /* Search */ = {
			isa = PBXGroup;
			children = (
				D1DDD7501EC32996000815BC /* SearchPanelViewController.swift */,
				D12F0E011EC4F07C00A4FA83 /* Detail */,
			);
			path = Search;
			sourceTree = "<group>";
		};
		D1DDD72A1EC29FDB000815BC /* Model */ = {
			isa = PBXGroup;
			children = (
				D1DDD72E1EC2A02B000815BC /* MovieLab.xcdatamodeld */,
				D1DDD72D1EC29FDB000815BC /* Stubbed */,
				D1DDD72B1EC29FDB000815BC /* Derived */,
				D1DDD72C1EC29FDB000815BC /* Stack */,
			);
			path = Model;
			sourceTree = "<group>";
		};
		D1DDD72B1EC29FDB000815BC /* Derived */ = {
			isa = PBXGroup;
			children = (
				D1DDD7411EC2FCE5000815BC /* Movie+CoreDataClass.swift */,
				D1DDD73D1EC2B632000815BC /* Genre+CoreDataClass.swift */,
			);
			path = Derived;
			sourceTree = "<group>";
		};
		D1DDD72C1EC29FDB000815BC /* Stack */ = {
			isa = PBXGroup;
			children = (
				D1DDD7431EC2FE9C000815BC /* ObjC */,
				D1DDD7441EC2FE9C000815BC /* Swift */,
			);
			path = Stack;
			sourceTree = "<group>";
		};
		D1DDD72D1EC29FDB000815BC /* Stubbed */ = {
			isa = PBXGroup;
			children = (
				D1DDD7311EC2AAD1000815BC /* Genre+CoreDataProperties.swift */,
				D1DDD7321EC2AAD1000815BC /* Movie+CoreDataProperties.swift */,
			);
			path = Stubbed;
			sourceTree = "<group>";
		};
		D1DDD7431EC2FE9C000815BC /* ObjC */ = {
			isa = PBXGroup;
			children = (
				D1DDD7461EC2FED2000815BC /* CoreDataStack.h */,
				D1DDD7471EC2FED2000815BC /* CoreDataStack.m */,
				D1DDD7451EC2FED1000815BC /* MovieLab-Bridging-Header.h */,
			);
			path = ObjC;
			sourceTree = "<group>";
		};
		D1DDD7441EC2FE9C000815BC /* Swift */ = {
			isa = PBXGroup;
			children = (
				D1DDD7521EC3524C000815BC /* CoreDataUtility.swift */,
			);
			path = Swift;
			sourceTree = "<group>";
		};
		D1DDD74C1EC30ED8000815BC /* Network */ = {
			isa = PBXGroup;
			children = (
				D1DDD74D1EC3196D000815BC /* RKNetworkClient.h */,
				D1DDD74E1EC3196D000815BC /* RKNetworkClient.m */,
			);
			path = Network;
			sourceTree = "<group>";
		};
		F3233A7F26DD72AEF8EB0874 /* Pods */ = {
			isa = PBXGroup;
			children = (
				FDA605C84B2E595CB35A274E /* Pods-MovieLab.debug.xcconfig */,
				EDA9ADB96B0600C73A23ECE3 /* Pods-MovieLab.release.xcconfig */,
			);
			name = Pods;
			sourceTree = "<group>";
		};
/* End PBXGroup section */

/* Begin PBXNativeTarget section */
		D1DDD70C1EC29B83000815BC /* MovieLab */ = {
			isa = PBXNativeTarget;
			buildConfigurationList = D1DDD7241EC29B83000815BC /* Build configuration list for PBXNativeTarget "MovieLab" */;
			buildPhases = (
				8F71881AA130EE1C113F807D /* [CP] Check Pods Manifest.lock */,
				D1DDD7091EC29B83000815BC /* Sources */,
				D1DDD70A1EC29B83000815BC /* Frameworks */,
				D1DDD70B1EC29B83000815BC /* Resources */,
				9CED6193777FF149B7D7C93B /* [CP] Embed Pods Frameworks */,
				8D48A7A909176F2DCC727ED8 /* [CP] Copy Pods Resources */,
			);
			buildRules = (
			);
			dependencies = (
			);
			name = MovieLab;
			productName = MovieLab;
			productReference = D1DDD70D1EC29B83000815BC /* MovieLab.app */;
			productType = "com.apple.product-type.application";
		};
/* End PBXNativeTarget section */

/* Begin PBXProject section */
		D1DDD7051EC29B83000815BC /* Project object */ = {
			isa = PBXProject;
			attributes = {
				LastSwiftUpdateCheck = 0830;
				LastUpgradeCheck = 0830;
				ORGANIZATIONNAME = "Gigabit LLC";
				TargetAttributes = {
					D1DDD70C1EC29B83000815BC = {
						CreatedOnToolsVersion = 8.3.2;
						DevelopmentTeam = MX6EDE7QQU;
						LastSwiftMigration = 0830;
						ProvisioningStyle = Automatic;
					};
				};
			};
			buildConfigurationList = D1DDD7081EC29B83000815BC /* Build configuration list for PBXProject "MovieLab" */;
			compatibilityVersion = "Xcode 3.2";
			developmentRegion = English;
			hasScannedForEncodings = 0;
			knownRegions = (
				en,
				Base,
			);
			mainGroup = D1DDD7041EC29B83000815BC;
			productRefGroup = D1DDD70E1EC29B83000815BC /* Products */;
			projectDirPath = "";
			projectRoot = "";
			targets = (
				D1DDD70C1EC29B83000815BC /* MovieLab */,
			);
		};
/* End PBXProject section */

/* Begin PBXResourcesBuildPhase section */
		D1DDD70B1EC29B83000815BC /* Resources */ = {
			isa = PBXResourcesBuildPhase;
			buildActionMask = 2147483647;
			files = (
				D1DDD7201EC29B83000815BC /* LaunchScreen.storyboard in Resources */,
				D1DDD71D1EC29B83000815BC /* Assets.xcassets in Resources */,
				D1DDD71B1EC29B83000815BC /* Main.storyboard in Resources */,
			);
			runOnlyForDeploymentPostprocessing = 0;
		};
/* End PBXResourcesBuildPhase section */

/* Begin PBXShellScriptBuildPhase section */
		8D48A7A909176F2DCC727ED8 /* [CP] Copy Pods Resources */ = {
			isa = PBXShellScriptBuildPhase;
			buildActionMask = 2147483647;
			files = (
			);
			inputPaths = (
			);
			name = "[CP] Copy Pods Resources";
			outputPaths = (
			);
			runOnlyForDeploymentPostprocessing = 0;
			shellPath = /bin/sh;
			shellScript = "\"${SRCROOT}/Pods/Target Support Files/Pods-MovieLab/Pods-MovieLab-resources.sh\"\n";
			showEnvVarsInLog = 0;
		};
		8F71881AA130EE1C113F807D /* [CP] Check Pods Manifest.lock */ = {
			isa = PBXShellScriptBuildPhase;
			buildActionMask = 2147483647;
			files = (
			);
			inputPaths = (
			);
			name = "[CP] Check Pods Manifest.lock";
			outputPaths = (
			);
			runOnlyForDeploymentPostprocessing = 0;
			shellPath = /bin/sh;
			shellScript = "diff \"${PODS_ROOT}/../Podfile.lock\" \"${PODS_ROOT}/Manifest.lock\" > /dev/null\nif [ $? != 0 ] ; then\n    # print error to STDERR\n    echo \"error: The sandbox is not in sync with the Podfile.lock. Run 'pod install' or update your CocoaPods installation.\" >&2\n    exit 1\nfi\n";
			showEnvVarsInLog = 0;
		};
		9CED6193777FF149B7D7C93B /* [CP] Embed Pods Frameworks */ = {
			isa = PBXShellScriptBuildPhase;
			buildActionMask = 2147483647;
			files = (
			);
			inputPaths = (
			);
			name = "[CP] Embed Pods Frameworks";
			outputPaths = (
			);
			runOnlyForDeploymentPostprocessing = 0;
			shellPath = /bin/sh;
			shellScript = "\"${SRCROOT}/Pods/Target Support Files/Pods-MovieLab/Pods-MovieLab-frameworks.sh\"\n";
			showEnvVarsInLog = 0;
		};
/* End PBXShellScriptBuildPhase section */

/* Begin PBXSourcesBuildPhase section */
		D1DDD7091EC29B83000815BC /* Sources */ = {
			isa = PBXSourcesBuildPhase;
			buildActionMask = 2147483647;
			files = (
				D12F0E101EC6A6BC00A4FA83 /* BaseViewController.swift in Sources */,
				D1DDD74F1EC3196D000815BC /* RKNetworkClient.m in Sources */,
				D12F0E001EC460C900A4FA83 /* FavoritesTableViewController.swift in Sources */,
				D1DDD7421EC2FCE5000815BC /* Movie+CoreDataClass.swift in Sources */,
				D1DDD7331EC2AAD1000815BC /* Genre+CoreDataProperties.swift in Sources */,
				D1DDD7301EC2A02B000815BC /* MovieLab.xcdatamodeld in Sources */,
				D1DDD7111EC29B83000815BC /* AppDelegate.swift in Sources */,
				D1DDD73F1EC2B632000815BC /* Genre+CoreDataClass.swift in Sources */,
				D1DDD7341EC2AAD1000815BC /* Movie+CoreDataProperties.swift in Sources */,
				D1DDD7481EC2FED2000815BC /* CoreDataStack.m in Sources */,
				D1DDD7511EC32996000815BC /* SearchPanelViewController.swift in Sources */,
				D1DDD7531EC3524C000815BC /* CoreDataUtility.swift in Sources */,
				D12F0E031EC4F0BE00A4FA83 /* DetailViewController.swift in Sources */,
			);
			runOnlyForDeploymentPostprocessing = 0;
		};
/* End PBXSourcesBuildPhase section */

/* Begin PBXVariantGroup section */
		D1DDD7191EC29B83000815BC /* Main.storyboard */ = {
			isa = PBXVariantGroup;
			children = (
				D1DDD71A1EC29B83000815BC /* Base */,
			);
			name = Main.storyboard;
			sourceTree = "<group>";
		};
		D1DDD71E1EC29B83000815BC /* LaunchScreen.storyboard */ = {
			isa = PBXVariantGroup;
			children = (
				D1DDD71F1EC29B83000815BC /* Base */,
			);
			name = LaunchScreen.storyboard;
			sourceTree = "<group>";
		};
/* End PBXVariantGroup section */

/* Begin XCBuildConfiguration section */
		D1DDD7221EC29B83000815BC /* Debug */ = {
			isa = XCBuildConfiguration;
			buildSettings = {
				ALWAYS_SEARCH_USER_PATHS = NO;
				CLANG_ANALYZER_NONNULL = YES;
				CLANG_ANALYZER_NUMBER_OBJECT_CONVERSION = YES_AGGRESSIVE;
				CLANG_CXX_LANGUAGE_STANDARD = "gnu++0x";
				CLANG_CXX_LIBRARY = "libc++";
				CLANG_ENABLE_MODULES = YES;
				CLANG_ENABLE_OBJC_ARC = YES;
				CLANG_WARN_BOOL_CONVERSION = YES;
				CLANG_WARN_CONSTANT_CONVERSION = YES;
				CLANG_WARN_DIRECT_OBJC_ISA_USAGE = YES_ERROR;
				CLANG_WARN_DOCUMENTATION_COMMENTS = YES;
				CLANG_WARN_EMPTY_BODY = YES;
				CLANG_WARN_ENUM_CONVERSION = YES;
				CLANG_WARN_INFINITE_RECURSION = YES;
				CLANG_WARN_INT_CONVERSION = YES;
				CLANG_WARN_OBJC_ROOT_CLASS = YES_ERROR;
				CLANG_WARN_SUSPICIOUS_MOVE = YES;
				CLANG_WARN_UNREACHABLE_CODE = YES;
				CLANG_WARN__DUPLICATE_METHOD_MATCH = YES;
				"CODE_SIGN_IDENTITY[sdk=iphoneos*]" = "iPhone Developer";
				COPY_PHASE_STRIP = NO;
				DEBUG_INFORMATION_FORMAT = dwarf;
				ENABLE_STRICT_OBJC_MSGSEND = YES;
				ENABLE_TESTABILITY = YES;
				GCC_C_LANGUAGE_STANDARD = gnu99;
				GCC_DYNAMIC_NO_PIC = NO;
				GCC_NO_COMMON_BLOCKS = YES;
				GCC_OPTIMIZATION_LEVEL = 0;
				GCC_PREPROCESSOR_DEFINITIONS = (
					"DEBUG=1",
					"$(inherited)",
				);
				GCC_WARN_64_TO_32_BIT_CONVERSION = YES;
				GCC_WARN_ABOUT_RETURN_TYPE = YES_ERROR;
				GCC_WARN_UNDECLARED_SELECTOR = YES;
				GCC_WARN_UNINITIALIZED_AUTOS = YES_AGGRESSIVE;
				GCC_WARN_UNUSED_FUNCTION = YES;
				GCC_WARN_UNUSED_VARIABLE = YES;
				IPHONEOS_DEPLOYMENT_TARGET = 10.3;
				MTL_ENABLE_DEBUG_INFO = YES;
				ONLY_ACTIVE_ARCH = YES;
				SDKROOT = iphoneos;
				SWIFT_ACTIVE_COMPILATION_CONDITIONS = DEBUG;
				SWIFT_OPTIMIZATION_LEVEL = "-Onone";
				TARGETED_DEVICE_FAMILY = "1,2";
			};
			name = Debug;
		};
		D1DDD7231EC29B83000815BC /* Release */ = {
			isa = XCBuildConfiguration;
			buildSettings = {
				ALWAYS_SEARCH_USER_PATHS = NO;
				CLANG_ANALYZER_NONNULL = YES;
				CLANG_ANALYZER_NUMBER_OBJECT_CONVERSION = YES_AGGRESSIVE;
				CLANG_CXX_LANGUAGE_STANDARD = "gnu++0x";
				CLANG_CXX_LIBRARY = "libc++";
				CLANG_ENABLE_MODULES = YES;
				CLANG_ENABLE_OBJC_ARC = YES;
				CLANG_WARN_BOOL_CONVERSION = YES;
				CLANG_WARN_CONSTANT_CONVERSION = YES;
				CLANG_WARN_DIRECT_OBJC_ISA_USAGE = YES_ERROR;
				CLANG_WARN_DOCUMENTATION_COMMENTS = YES;
				CLANG_WARN_EMPTY_BODY = YES;
				CLANG_WARN_ENUM_CONVERSION = YES;
				CLANG_WARN_INFINITE_RECURSION = YES;
				CLANG_WARN_INT_CONVERSION = YES;
				CLANG_WARN_OBJC_ROOT_CLASS = YES_ERROR;
				CLANG_WARN_SUSPICIOUS_MOVE = YES;
				CLANG_WARN_UNREACHABLE_CODE = YES;
				CLANG_WARN__DUPLICATE_METHOD_MATCH = YES;
				"CODE_SIGN_IDENTITY[sdk=iphoneos*]" = "iPhone Developer";
				COPY_PHASE_STRIP = NO;
				DEBUG_INFORMATION_FORMAT = "dwarf-with-dsym";
				ENABLE_NS_ASSERTIONS = NO;
				ENABLE_STRICT_OBJC_MSGSEND = YES;
				GCC_C_LANGUAGE_STANDARD = gnu99;
				GCC_NO_COMMON_BLOCKS = YES;
				GCC_WARN_64_TO_32_BIT_CONVERSION = YES;
				GCC_WARN_ABOUT_RETURN_TYPE = YES_ERROR;
				GCC_WARN_UNDECLARED_SELECTOR = YES;
				GCC_WARN_UNINITIALIZED_AUTOS = YES_AGGRESSIVE;
				GCC_WARN_UNUSED_FUNCTION = YES;
				GCC_WARN_UNUSED_VARIABLE = YES;
				IPHONEOS_DEPLOYMENT_TARGET = 10.3;
				MTL_ENABLE_DEBUG_INFO = NO;
				SDKROOT = iphoneos;
				SWIFT_OPTIMIZATION_LEVEL = "-Owholemodule";
				TARGETED_DEVICE_FAMILY = "1,2";
				VALIDATE_PRODUCT = YES;
			};
			name = Release;
		};
		D1DDD7251EC29B83000815BC /* Debug */ = {
			isa = XCBuildConfiguration;
			baseConfigurationReference = FDA605C84B2E595CB35A274E /* Pods-MovieLab.debug.xcconfig */;
			buildSettings = {
				ASSETCATALOG_COMPILER_APPICON_NAME = AppIcon;
				CLANG_ENABLE_MODULES = YES;
				DEVELOPMENT_TEAM = MX6EDE7QQU;
				INFOPLIST_FILE = MovieLab/Info.plist;
				LD_RUNPATH_SEARCH_PATHS = "$(inherited) @executable_path/Frameworks";
				PRODUCT_BUNDLE_IDENTIFIER = com.gigabit.MovieLab;
				PRODUCT_NAME = "$(TARGET_NAME)";
				SWIFT_OBJC_BRIDGING_HEADER = "MovieLab/Model/Stack/ObjC/MovieLab-Bridging-Header.h";
				SWIFT_OPTIMIZATION_LEVEL = "-Onone";
				SWIFT_VERSION = 3.0;
			};
			name = Debug;
		};
		D1DDD7261EC29B83000815BC /* Release */ = {
			isa = XCBuildConfiguration;
			baseConfigurationReference = EDA9ADB96B0600C73A23ECE3 /* Pods-MovieLab.release.xcconfig */;
			buildSettings = {
				ASSETCATALOG_COMPILER_APPICON_NAME = AppIcon;
				CLANG_ENABLE_MODULES = YES;
				DEVELOPMENT_TEAM = MX6EDE7QQU;
				INFOPLIST_FILE = MovieLab/Info.plist;
				LD_RUNPATH_SEARCH_PATHS = "$(inherited) @executable_path/Frameworks";
				PRODUCT_BUNDLE_IDENTIFIER = com.gigabit.MovieLab;
				PRODUCT_NAME = "$(TARGET_NAME)";
				SWIFT_OBJC_BRIDGING_HEADER = "MovieLab/Model/Stack/ObjC/MovieLab-Bridging-Header.h";
				SWIFT_VERSION = 3.0;
			};
			name = Release;
		};
/* End XCBuildConfiguration section */

/* Begin XCConfigurationList section */
		D1DDD7081EC29B83000815BC /* Build configuration list for PBXProject "MovieLab" */ = {
			isa = XCConfigurationList;
			buildConfigurations = (
				D1DDD7221EC29B83000815BC /* Debug */,
				D1DDD7231EC29B83000815BC /* Release */,
			);
			defaultConfigurationIsVisible = 0;
			defaultConfigurationName = Release;
		};
		D1DDD7241EC29B83000815BC /* Build configuration list for PBXNativeTarget "MovieLab" */ = {
			isa = XCConfigurationList;
			buildConfigurations = (
				D1DDD7251EC29B83000815BC /* Debug */,
				D1DDD7261EC29B83000815BC /* Release */,
			);
			defaultConfigurationIsVisible = 0;
			defaultConfigurationName = Release;
		};
/* End XCConfigurationList section */

/* Begin XCVersionGroup section */
		D1DDD72E1EC2A02B000815BC /* MovieLab.xcdatamodeld */ = {
			isa = XCVersionGroup;
			children = (
				D1DDD72F1EC2A02B000815BC /* MovieLab.xcdatamodel */,
			);
			currentVersion = D1DDD72F1EC2A02B000815BC /* MovieLab.xcdatamodel */;
			path = MovieLab.xcdatamodeld;
			sourceTree = "<group>";
			versionGroupType = wrapper.xcdatamodel;
		};
/* End XCVersionGroup section */
	};
	rootObject = D1DDD7051EC29B83000815BC /* Project object */;
}
